
Microsoft Visual Studio Solution File, Format Version 12.00
# Visual Studio Version 17
VisualStudioVersion = 17.3.32825.248
MinimumVisualStudioVersion = 10.0.40219.1
Project("{FAE04EC0-301F-11D3-BF4B-00C04F79EFBC}") = "Passport_A38", "Passport_A38\Passport_A38.csproj", "{525199C9-4579-4636-8AEA-6E6D3EB44809}"
EndProject
Global
	GlobalSection(SolutionConfigurationPlatforms) = preSolution
		Debug|Any CPU = Debug|Any CPU
		Release|Any CPU = Release|Any CPU
	EndGlobalSection
	GlobalSection(ProjectConfigurationPlatforms) = postSolution
		{525199C9-4579-4636-8AEA-6E6D3EB44809}.Debug|Any CPU.ActiveCfg = Debug|Any CPU
		{525199C9-4579-4636-8AEA-6E6D3EB44809}.Debug|Any CPU.Build.0 = Debug|Any CPU
		{525199C9-4579-4636-8AEA-6E6D3EB44809}.Release|Any CPU.ActiveCfg = Release|Any CPU
		{525199C9-4579-4636-8AEA-6E6D3EB44809}.Release|Any CPU.Build.0 = Release|Any CPU
	EndGlobalSection
	GlobalSection(SolutionProperties) = preSolution
		HideSolutionNode = FALSE
	EndGlobalSection
	GlobalSection(ExtensibilityGlobals) = postSolution
		SolutionGuid = {50F1E69A-7819-4B72-99DF-2A700F8F3336}
	EndGlobalSection
EndGlobal
